
Microsoft Visual Studio Solution File, Format Version 12.00
# Visual Studio Version 16
VisualStudioVersion = 16.0.29709.97
MinimumVisualStudioVersion = 10.0.40219.1
Project("{FAE04EC0-301F-11D3-BF4B-00C04F79EFBC}") = "Password-Cracker-Generator", "Password-Cracker-Generator.csproj", "{C9F210F1-BB0B-407D-9FA6-C6CA4DA83FAE}"
EndProject
Global
	GlobalSection(SolutionConfigurationPlatforms) = preSolution
		Debug|Any CPU = Debug|Any CPU
		Release|Any CPU = Release|Any CPU
	EndGlobalSection
	GlobalSection(ProjectConfigurationPlatforms) = postSolution
		{C9F210F1-BB0B-407D-9FA6-C6CA4DA83FAE}.Debug|Any CPU.ActiveCfg = Debug|Any CPU
		{C9F210F1-BB0B-407D-9FA6-C6CA4DA83FAE}.Debug|Any CPU.Build.0 = Debug|Any CPU
		{C9F210F1-BB0B-407D-9FA6-C6CA4DA83FAE}.Release|Any CPU.ActiveCfg = Release|Any CPU
		{C9F210F1-BB0B-407D-9FA6-C6CA4DA83FAE}.Release|Any CPU.Build.0 = Release|Any CPU
	EndGlobalSection
	GlobalSection(SolutionProperties) = preSolution
		HideSolutionNode = FALSE
	EndGlobalSection
	GlobalSection(ExtensibilityGlobals) = postSolution
		SolutionGuid = {EC0CF6B4-D612-4F1A-839C-774275F60FB6}
	EndGlobalSection
EndGlobal
